
Microsoft Visual Studio Solution File, Format Version 12.00
# Visual Studio Version 17
VisualStudioVersion = 17.14.36518.9 d17.14
MinimumVisualStudioVersion = 10.0.40219.1
Project("{FAE04EC0-301F-11D3-BF4B-00C04F79EFBC}") = "LAB4.2", "LAB4.2\LAB4.2.csproj", "{EA726833-FA53-454A-ABBE-98A48284685A}"
EndProject
Global
	GlobalSection(SolutionConfigurationPlatforms) = preSolution
		Debug|Any CPU = Debug|Any CPU
		Release|Any CPU = Release|Any CPU
	EndGlobalSection
	GlobalSection(ProjectConfigurationPlatforms) = postSolution
		{EA726833-FA53-454A-ABBE-98A48284685A}.Debug|Any CPU.ActiveCfg = Debug|Any CPU
		{EA726833-FA53-454A-ABBE-98A48284685A}.Debug|Any CPU.Build.0 = Debug|Any CPU
		{EA726833-FA53-454A-ABBE-98A48284685A}.Release|Any CPU.ActiveCfg = Release|Any CPU
		{EA726833-FA53-454A-ABBE-98A48284685A}.Release|Any CPU.Build.0 = Release|Any CPU
	EndGlobalSection
	GlobalSection(SolutionProperties) = preSolution
		HideSolutionNode = FALSE
	EndGlobalSection
	GlobalSection(ExtensibilityGlobals) = postSolution
		SolutionGuid = {63238016-BF25-44DA-BD10-3D12A58265DD}
	EndGlobalSection
EndGlobal
